
Microsoft Visual Studio Solution File, Format Version 12.00
# Visual Studio Version 17
VisualStudioVersion = 17.14.36327.8 d17.14
MinimumVisualStudioVersion = 10.0.40219.1
Project("{FAE04EC0-301F-11D3-BF4B-00C04F79EFBC}") = "modelvduplicate", "modelvduplicate.csproj", "{7941212E-632E-438F-8B30-23C0F3977B7D}"
EndProject
Global
	GlobalSection(SolutionConfigurationPlatforms) = preSolution
		Debug|Any CPU = Debug|Any CPU
		Release|Any CPU = Release|Any CPU
	EndGlobalSection
	GlobalSection(ProjectConfigurationPlatforms) = postSolution
		{7941212E-632E-438F-8B30-23C0F3977B7D}.Debug|Any CPU.ActiveCfg = Debug|Any CPU
		{7941212E-632E-438F-8B30-23C0F3977B7D}.Debug|Any CPU.Build.0 = Debug|Any CPU
		{7941212E-632E-438F-8B30-23C0F3977B7D}.Release|Any CPU.ActiveCfg = Release|Any CPU
		{7941212E-632E-438F-8B30-23C0F3977B7D}.Release|Any CPU.Build.0 = Release|Any CPU
	EndGlobalSection
	GlobalSection(SolutionProperties) = preSolution
		HideSolutionNode = FALSE
	EndGlobalSection
	GlobalSection(ExtensibilityGlobals) = postSolution
		SolutionGuid = {24FF4221-AC43-4650-9759-E76092F39169}
	EndGlobalSection
EndGlobal
